
Microsoft Visual Studio Solution File, Format Version 12.00
# Visual Studio Version 17
VisualStudioVersion = 17.0.32126.317
MinimumVisualStudioVersion = 10.0.40219.1
Project("{9A19103F-16F7-4668-BE54-9A1E7A4F7556}") = "estoreWebApplication", "estoreWebApplication\estoreWebApplication.csproj", "{CF179987-DF8E-4B68-BC38-7E24EB27EFC6}"
EndProject
Global
	GlobalSection(SolutionConfigurationPlatforms) = preSolution
		Debug|Any CPU = Debug|Any CPU
		Release|Any CPU = Release|Any CPU
	EndGlobalSection
	GlobalSection(ProjectConfigurationPlatforms) = postSolution
		{CF179987-DF8E-4B68-BC38-7E24EB27EFC6}.Debug|Any CPU.ActiveCfg = Debug|Any CPU
		{CF179987-DF8E-4B68-BC38-7E24EB27EFC6}.Debug|Any CPU.Build.0 = Debug|Any CPU
		{CF179987-DF8E-4B68-BC38-7E24EB27EFC6}.Release|Any CPU.ActiveCfg = Release|Any CPU
		{CF179987-DF8E-4B68-BC38-7E24EB27EFC6}.Release|Any CPU.Build.0 = Release|Any CPU
	EndGlobalSection
	GlobalSection(SolutionProperties) = preSolution
		HideSolutionNode = FALSE
	EndGlobalSection
	GlobalSection(ExtensibilityGlobals) = postSolution
		SolutionGuid = {14FF32B0-8F33-4CEF-9795-E6917476BC46}
	EndGlobalSection
EndGlobal
